
Microsoft Visual Studio Solution File, Format Version 12.00
# Visual Studio Version 16
VisualStudioVersion = 16.0.32407.337
MinimumVisualStudioVersion = 10.0.40219.1
Project("{FAE04EC0-301F-11D3-BF4B-00C04F79EFBC}") = "Kursovoi", "Kursovoi\Kursovoi.csproj", "{56206E29-C27F-4760-A523-C18C2977A24D}"
EndProject
Global
	GlobalSection(SolutionConfigurationPlatforms) = preSolution
		Debug|Any CPU = Debug|Any CPU
		Release|Any CPU = Release|Any CPU
	EndGlobalSection
	GlobalSection(ProjectConfigurationPlatforms) = postSolution
		{56206E29-C27F-4760-A523-C18C2977A24D}.Debug|Any CPU.ActiveCfg = Debug|Any CPU
		{56206E29-C27F-4760-A523-C18C2977A24D}.Debug|Any CPU.Build.0 = Debug|Any CPU
		{56206E29-C27F-4760-A523-C18C2977A24D}.Release|Any CPU.ActiveCfg = Release|Any CPU
		{56206E29-C27F-4760-A523-C18C2977A24D}.Release|Any CPU.Build.0 = Release|Any CPU
	EndGlobalSection
	GlobalSection(SolutionProperties) = preSolution
		HideSolutionNode = FALSE
	EndGlobalSection
	GlobalSection(ExtensibilityGlobals) = postSolution
		SolutionGuid = {E782BF05-C5A5-44D1-9B3A-F7678AD96BCA}
	EndGlobalSection
EndGlobal
